9fans.net/go v0.0.0-20181112161441-237454027057 h1:OcHlKWkAMJEF1ndWLGxp5dnJQkYM/YImUOvsBoz6h5E=
9fans.net/go v0.0.0-20181112161441-237454027057/go.mod h1:diCsxrliIURU9xsYtjCp5AbpQKqdhKmf0ujWDUSkfoY=
9fans.net/go v0.0.2 h1:RYM6lWITV8oADrwLfdzxmt8ucfW6UtP9v1jg4qAbqts=
9fans.net/go v0.0.2/go.mod h1:lfPdxjq9v8pVQXUMBCx5EO5oLXWQFlKRQgs1kEkjoIM=
github.com/acroca/go-symbols v0.1.1 h1:q3IzaMNYocw/Bnc2a8jkXf0hM3+POfLoq30x8HYuaPE=
github.com/acroca/go-symbols v0.1.1/go.mod h1:RKAIDWtcELAw6/wjNJGWRYZ7QEinSWoJeJ2H5cfK6AM=
github.com/cweill/gotests v1.5.3 h1:k3t4wW/x/YNixWZJhUIn+mivmK5iV1tJVOwVYkx0UcU=
github.com/cweill/gotests v1.5.3/go.mod h1:XZYOJkGVkCRoymaIzmp9Wyi3rUgfA3oOnkuljYrjFV8=
github.com/davecgh/go-spew v1.1.1/go.mod h1:J7Y8YcW2NihsgmVo/mv3lAwl/skON4iLHjSsI+c5H38=
github.com/davidrjenni/reftools v0.0.0-20190827201643-0605d60846fb h1:DSSCTehMqsKHaokaWCcHEIJCqCWIrKzJaYUT/86QqSk=
github.com/davidrjenni/reftools v0.0.0-20190827201643-0605d60846fb/go.mod h1:0qWLWApvobxwtd9/A8fS62VkRImuquIgtCv/ye+KnxA=
github.com/facebookgo/ensure v0.0.0-20160127193407-b4ab57deab51/go.mod h1:Yg+htXGokKKdzcwhuNDwVvN+uBxDGXJ7G/VN1d8fa64=
github.com/facebookgo/stack v0.0.0-20160209184415-751773369052/go.mod h1:UbMTZqLaRiH3MsBH8va0n7s1pQYcu3uTb8G4tygF4Zg=
github.com/facebookgo/subset v0.0.0-20150612182917-8dac2c3c4870/go.mod h1:5tD+neXqOorC30/tWg0LCSkrqj/AR6gu8yY8/fpw1q0=
github.com/fatih/camelcase v1.0.0 h1:hxNvNX/xYBp0ovncs8WyWZrOrpBNub/JfaMvbURyft8=
github.com/fatih/camelcase v1.0.0/go.mod h1:yN2Sb0lFhZJUdVvtELVWefmrXpuZESvPmqwoZc+/fpc=
github.com/fatih/gomodifytags v1.0.1 h1:+B0gQNHY7EVREBP+LP5K9+bbQHDjfcDozj0cupqB8L8=
github.com/fatih/gomodifytags v1.0.1/go.mod h1:p2/x7bnOQsbq/deXsDIlj2yLiKFGPkD2nuoYqwn8R4Y=
github.com/fatih/structtag v1.0.0 h1:pTHj65+u3RKWYPSGaU290FpI/dXxTaHdVwVwbcPKmEc=
github.com/fatih/structtag v1.0.0/go.mod h1:IKitwq45uXL/yqi5mYghiD3w9H6eTOvI9vnk8tXMphA=
github.com/fatih/structtag v1.1.0 h1:6j4mUV/ES2duvnAzKMFkN6/A5mCaNYPD3xfbAkLLOF8=
github.com/fatih/structtag v1.1.0/go.mod h1:mBJUNpUnHmRKrKlQQlmCrh5PuhftFbNv8Ys4/aAZl94=
github.com/go-chi/chi v4.0.0+incompatible h1:SiLLEDyAkqNnw+T/uDTf3aFB9T4FTrwMpuYrgaRcnW4=
github.com/go-chi/chi v4.0.0+incompatible/go.mod h1:eB3wogJHnLi3x/kFX2A+IbTBlXxmMeXJVKy9tTv1XzQ=
github.com/gopherjs/gopherjs v0.0.0-20180825215210-0210a2f0f73c/go.mod h1:wJfORRmW1u3UXTncJ5qlYoELFm8eSnnEO6hX4iZ3EWY=
github.com/gorilla/websocket v1.2.0 h1:VJtLvh6VQym50czpZzx07z/kw9EgAxI3x1ZB8taTMQQ=
github.com/gorilla/websocket v1.2.0/go.mod h1:E7qHFY5m1UJ88s3WnNqhKjPHQ0heANvMoAMk2YaljkQ=
github.com/haya14busa/goplay v1.0.0 h1:ED4BMrGQ3WH7H3YXrcnWMVzj1xeSepaYTkLh1DtFi/4=
github.com/haya14busa/goplay v1.0.0/go.mod h1:TUcdOVV7TTx0Fo9CmTf16Erfju/DzXTbB70+RYb43h8=
github.com/josharian/impl v0.0.0-20190715203526-f0d59e96e372 h1:zfpL1AnHJLc+2j3QphUpADoPRCnHMFCUE83V+XgYqhA=
github.com/josharian/impl v0.0.0-20190715203526-f0d59e96e372/go.mod h1:t4Tr0tn92eq5ISef4cS5plFAMYAqZlAXtgUcKE6y8nw=
github.com/karrick/godirwalk v1.12.0 h1:nkS4xxsjiZMvVlazd0mFyiwD4BR9f3m6LXGhM2TUx3Y=
github.com/karrick/godirwalk v1.12.0/go.mod h1:H5KPZjojv4lE+QYImBI8xVtrBRgYrIVsaRPx4tDPEn4=
github.com/kisielk/gotool v1.0.0/go.mod h1:XhKaO+MFFWcvkIS/tQcRk01m1F5IRFswLeQ+oQHNcck=
github.com/lologarithm/netgen v1.0.2 h1:apkArRNO4l7HsCqiROuANPU97C3hk5rvv7Z6GUs80uI=
github.com/lologarithm/netgen v1.0.2/go.mod h1:6pDwfPBREVOH1PubvWCrwOoRfhFJd9BSKWgTaeydjOA=
github.com/mailgun/mailgun-go/v3 v3.3.0 h1:Rfh3mTYqZ6AD9gpO4s8JzLMGiHDZMm6YaM6zJRlLgNY=
github.com/mailgun/mailgun-go/v3 v3.3.0/go.mod h1:W5xnqWAXwDuCcgOTo+jHyOay5IDM7RPtDi7JzVUVrPc=
github.com/mailru/easyjson v0.0.0-20180823135443-60711f1a8329 h1:2gxZ0XQIU/5z3Z3bUBu+FXuk2pFbkN6tcwi/pjyaDic=
github.com/mailru/easyjson v0.0.0-20180823135443-60711f1a8329/go.mod h1:C1wdFJiN94OJF2b5HbByQZoLdCWB1Yqtg26g4irojpc=
github.com/nsf/gocode v0.0.0-20190302080247-5bee97b48836 h1:oc3CL18CoGhyOQJ7HDa9gJAde33bwI8Vi28zLdIzJVc=
github.com/nsf/gocode v0.0.0-20190302080247-5bee97b48836/go.mod h1:6Q8/OMaaKAgTX7/jt2bOXVDrm1eJhoNd+iwzghR7jvs=
github.com/pkg/errors v0.8.1 h1:iURUrRGxPUNPdy5/HRSm+Yj6okJ6UtLINN0Q9M4+h3I=
github.com/pkg/errors v0.8.1/go.mod h1:bwawxfHBFNV+L2hUp1rHADufV3IMtnDRdf1r5NINEl0=
github.com/ramya-rao-a/go-outline v0.0.0-20181122025142-7182a932836a h1:rJS9v8WlLfIQ/22PlTXc47p5jB8RaY9XnTkX8Uols7w=
github.com/ramya-rao-a/go-outline v0.0.0-20181122025142-7182a932836a/go.mod h1:1WL5IqM+CnRCAbXetRnL1YVoS9KtU2zMhOi/5oAVPo4=
github.com/rogpeppe/godef v1.1.1 h1:NujOtt9q9vIClRTB3sCZpavac+NMRaIayzrcz1h4fSE=
github.com/rogpeppe/godef v1.1.1/go.mod h1:oEo1eMy1VUEHUzUIX4F7IqvMJRiz9UId44mvnR8oPlQ=
github.com/skratchdot/open-golang v0.0.0-20190402232053-79abb63cd66e h1:VAzdS5Nw68fbf5RZ8RDVlUvPXNU6Z3jtPCK/qvm4FoQ=
github.com/skratchdot/open-golang v0.0.0-20190402232053-79abb63cd66e/go.mod h1:sUM3LWHvSMaG192sy56D9F7CNvL7jUJVXoqM1QKLnog=
github.com/sqs/goreturns v0.0.0-20181028201513-538ac6014518 h1:iD+PFTQwKEmbwSdwfvP5ld2WEI/g7qbdhmHJ2ASfYGs=
github.com/sqs/goreturns v0.0.0-20181028201513-538ac6014518/go.mod h1:CKI4AZ4XmGV240rTHfO0hfE83S6/a3/Q1siZJ/vXf7A=
github.com/stianeikeland/go-rpio v4.2.0+incompatible/go.mod h1:Sh81rdJwD96E2wja2Gd7rrKM+XZ9LrwvN2w4IXrqLR8=
github.com/uudashr/gopkgs v2.0.1+incompatible h1:SuNs9p/XbGcQezR7SguZrZzxqCQozxtd/N8UKBWbWjk=
github.com/uudashr/gopkgs v2.0.1+incompatible/go.mod h1:MtCdKVJkxW7hNKWXPNWfpaeEp8+Ml3Q8myb4yWhn2Hg=
golang.org/x/crypto v0.0.0-20190308221718-c2843e01d9a2/go.mod h1:djNgcEr1/C05ACkg1iLfiJU5Ep61QUkGW8qpdssI0+w=
golang.org/x/net v0.0.0-20190311183353-d8887717615a/go.mod h1:t9HGtf8HONx5eT2rtn7q6eTqICYqUVnKs3thJo3Qplg=
golang.org/x/net v0.0.0-20190620200207-3b0461eec859 h1:R/3boaszxrf1GEUWTVDzSKVwLmSJpwZ1yqXm8j0v2QI=
golang.org/x/net v0.0.0-20190620200207-3b0461eec859/go.mod h1:z5CRVTTTmAJ677TzLLGU+0bjPO0LkuOLi4/5GtJWs/s=
golang.org/x/net v0.0.0-20191003171128-d98b1b443823 h1:Ypyv6BNJh07T1pUSrehkLemqPKXhus2MkfktJ91kRh4=
golang.org/x/net v0.0.0-20191003171128-d98b1b443823/go.mod h1:z5CRVTTTmAJ677TzLLGU+0bjPO0LkuOLi4/5GtJWs/s=
golang.org/x/net v0.0.0-20191011234655-491137f69257 h1:ry8e2D+cwaV6hk7lb3aRTjjZo24shrbK0e11QEOkTIg=
golang.org/x/net v0.0.0-20191011234655-491137f69257/go.mod h1:z5CRVTTTmAJ677TzLLGU+0bjPO0LkuOLi4/5GtJWs/s=
golang.org/x/sync v0.0.0-20190423024810-112230192c58/go.mod h1:RxMgew5VJxzue5/jJTE5uejpjVlOe/izrB70Jof72aM=
golang.org/x/sys v0.0.0-20190215142949-d0b11bdaac8a/go.mod h1:STP8DvDyc/dI5b8T5hshtkjS+E42TnysNCUPdjciGhY=
golang.org/x/text v0.3.0/go.mod h1:NqM8EUOU14njkJ3fqMW+pc6Ldnwhi/IjpwHt7yyuwOQ=
golang.org/x/tools v0.0.0-20180824175216-6c1c5e93cdc1/go.mod h1:n7NCudcB/nEzxVGmLbDWY5pfWTLqBcC2KZ6jyYvM4mQ=
golang.org/x/tools v0.0.0-20181130195746-895048a75ecf/go.mod h1:n7NCudcB/nEzxVGmLbDWY5pfWTLqBcC2KZ6jyYvM4mQ=
golang.org/x/tools v0.0.0-20190408220357-e5b8258f4918/go.mod h1:LCzVGOaR6xXOjkQ3onu1FJEFr0SW1gC7cKk1uF8kGRs=
golang.org/x/tools v0.0.0-20190711191110-9a621aea19f8 h1:VZick+NwcqlXXVsD1iFr4Wo6F1FgBbnM4AOMzhwKQ7w=
golang.org/x/tools v0.0.0-20190711191110-9a621aea19f8/go.mod h1:jcCCGcm9btYwXyDqrUWc6MKQKKGJCWEQ3AfLSRIbEuI=
golang.org/x/tools v0.0.0-20191005014404-c9f9432ec4b2 h1:cizXZUfmWsxq3+I8k+qEgLy3QlTEC1UoAvkaPMpTAmA=
golang.org/x/tools v0.0.0-20191005014404-c9f9432ec4b2/go.mod h1:b+2E5dAYhXwXZwtnZ6UAqBI28+e2cm9otk0dWdXHAEo=
golang.org/x/tools v0.0.0-20191011211836-4c025a95b26e h1:1o2bDs9pCd2xFhdwqJTrCIswAeEsn4h/PCNelWpfcsI=
golang.org/x/tools v0.0.0-20191011211836-4c025a95b26e/go.mod h1:b+2E5dAYhXwXZwtnZ6UAqBI28+e2cm9otk0dWdXHAEo=
golang.org/x/xerrors v0.0.0-20190717185122-a985d3407aa7/go.mod h1:I/5z698sn9Ka8TeJc9MKroUUfqBBauWjQqLJ2OPfmY0=
